
Microsoft Visual Studio Solution File, Format Version 12.00
# Visual Studio Version 17
VisualStudioVersion = 17.8.34330.188
MinimumVisualStudioVersion = 10.0.40219.1
Project("{FAE04EC0-301F-11D3-BF4B-00C04F79EFBC}") = "mod2_les7_task5", "mod2_les7_task5\mod2_les7_task5.csproj", "{94AF409F-8544-43C2-95C4-A86164092924}"
EndProject
Global
	GlobalSection(SolutionConfigurationPlatforms) = preSolution
		Debug|Any CPU = Debug|Any CPU
		Release|Any CPU = Release|Any CPU
	EndGlobalSection
	GlobalSection(ProjectConfigurationPlatforms) = postSolution
		{94AF409F-8544-43C2-95C4-A86164092924}.Debug|Any CPU.ActiveCfg = Debug|Any CPU
		{94AF409F-8544-43C2-95C4-A86164092924}.Debug|Any CPU.Build.0 = Debug|Any CPU
		{94AF409F-8544-43C2-95C4-A86164092924}.Release|Any CPU.ActiveCfg = Release|Any CPU
		{94AF409F-8544-43C2-95C4-A86164092924}.Release|Any CPU.Build.0 = Release|Any CPU
	EndGlobalSection
	GlobalSection(SolutionProperties) = preSolution
		HideSolutionNode = FALSE
	EndGlobalSection
	GlobalSection(ExtensibilityGlobals) = postSolution
		SolutionGuid = {67A45C08-C6D2-45DC-B89B-8412E9DEB06A}
	EndGlobalSection
EndGlobal
